{
  "name": "preview2",
  "version": "0.2.0",
  "lockfileVersion": 1,
  "requires": true,
  "dependencies": {
    "@types/minimist": {
      "version": "1.2.0",
      "resolved": "https://registry.npmjs.org/@types/minimist/-/minimist-1.2.0.tgz",
      "integrity": "sha1-aaI6OtKcrwCX8G7aWbNh7i8GOfY="
    },
    "@types/node": {
      "version": "10.11.5",
      "resolved": "https://registry.npmjs.org/@types/node/-/node-10.11.5.tgz",
      "integrity": "sha512-3j1EFLfrjYRHRFjBb+RIXXwr1YGzcfpQVMP39thZa6tMY+JjVgQddPF+hsdV800JqbuLwpwAWclDpbGSAw44vQ=="
    },
    "minimist": {
      "version": "1.2.0",
      "resolved": "http://registry.npmjs.org/minimist/-/minimist-1.2.0.tgz",
      "integrity": "sha1-o1AIsg9BOD7sH7kU9M1d95omQoQ="
    }
  }
}
